# This file is generated by running "yarn install" inside your project.
# Manual changes might be lost - proceed with caution!

__metadata:
  version: 8
  cacheKey: 10c0

"@types/bun@npm:latest":
  version: 1.1.13
  resolution: "@types/bun@npm:1.1.13"
  dependencies:
    bun-types: "npm:1.1.34"
  checksum: 10c0/46cae932a64074b3e3596858d38099589f7c394e0b27b42e49ad5bd884974784e2929ac72336515ce20579da2c90033f8b01578f9e1f8f7558a58e78f721e832
  languageName: node
  linkType: hard

"@types/node@npm:*":
  version: 22.9.3
  resolution: "@types/node@npm:22.9.3"
  dependencies:
    undici-types: "npm:~6.19.8"
  checksum: 10c0/954ec72bf29436ea62425a9563914a9c1e93f97b18194acd51d74d13998a701977547ed2985ed3a0e97211b785436d28377116e5f613bfcf3182d9bd81d784dc
  languageName: node
  linkType: hard

"@types/node@npm:~20.12.8":
  version: 20.12.14
  resolution: "@types/node@npm:20.12.14"
  dependencies:
    undici-types: "npm:~5.26.4"
  checksum: 10c0/d6e383a09139efdedd91f4e8b584bb9b7537382d3dd276296a68b20a7819a562ae651efdd007a60036116f286b9c9a8a31af698f93b4024e569b0d129f293165
  languageName: node
  linkType: hard

"@types/ws@npm:~8.5.10":
  version: 8.5.13
  resolution: "@types/ws@npm:8.5.13"
  dependencies:
    "@types/node": "npm:*"
  checksum: 10c0/a5430aa479bde588e69cb9175518d72f9338b6999e3b2ae16fc03d3bdcff8347e486dc031e4ed14601260463c07e1f9a0d7511dfc653712b047c439c680b0b34
  languageName: node
  linkType: hard

"admin@workspace:.":
  version: 0.0.0-use.local
  resolution: "admin@workspace:."
  dependencies:
    "@types/bun": "npm:latest"
    hono: "npm:^4.6.11"
  languageName: unknown
  linkType: soft

"bun-types@npm:1.1.34":
  version: 1.1.34
  resolution: "bun-types@npm:1.1.34"
  dependencies:
    "@types/node": "npm:~20.12.8"
    "@types/ws": "npm:~8.5.10"
  checksum: 10c0/922552b70f1d43c9990cd440b732793bcd7a4e277a645885532a0e1b605c857aba23ba993df484e053a4699ef1949b5056d9ef7971c9ba409d3c67917216734f
  languageName: node
  linkType: hard

"hono@npm:^4.6.11":
  version: 4.6.11
  resolution: "hono@npm:4.6.11"
  checksum: 10c0/f4a792692227c63806959e8e8fa67d1693272fed53b3e901cebd7238bc369cd18169aae5d2b2a67b48113babc6351a2186fe42a4094771fa403b386cd7df68ee
  languageName: node
  linkType: hard

"undici-types@npm:~5.26.4":
  version: 5.26.5
  resolution: "undici-types@npm:5.26.5"
  checksum: 10c0/bb673d7876c2d411b6eb6c560e0c571eef4a01c1c19925175d16e3a30c4c428181fb8d7ae802a261f283e4166a0ac435e2f505743aa9e45d893f9a3df017b501
  languageName: node
  linkType: hard

"undici-types@npm:~6.19.8":
  version: 6.19.8
  resolution: "undici-types@npm:6.19.8"
  checksum: 10c0/078afa5990fba110f6824823ace86073b4638f1d5112ee26e790155f481f2a868cc3e0615505b6f4282bdf74a3d8caad715fd809e870c2bb0704e3ea6082f344
  languageName: node
  linkType: hard
